// !$*UTF8*$!
{
	archiveVersion = 1;
	classes = {
	};
	objectVersion = 50;
	objects = {

/* Begin PBXBuildFile section */
		322C6595226C4A2F003655B5 /* AppDelegate.m in Sources */ = {isa = PBXBuildFile; fileRef = 322C6594226C4A2F003655B5 /* AppDelegate.m */; };
		322C6598226C4A2F003655B5 /* ViewController.m in Sources */ = {isa = PBXBuildFile; fileRef = 322C6597226C4A2F003655B5 /* ViewController.m */; };
		322C659B226C4A2F003655B5 /* Main.storyboard in Resources */ = {isa = PBXBuildFile; fileRef = 322C6599226C4A2F003655B5 /* Main.storyboard */; };
		322C659D226C4A30003655B5 /* Assets.xcassets in Resources */ = {isa = PBXBuildFile; fileRef = 322C659C226C4A30003655B5 /* Assets.xcassets */; };
		322C65A0226C4A30003655B5 /* LaunchScreen.storyboard in Resources */ = {isa = PBXBuildFile; fileRef = 322C659E226C4A30003655B5 /* LaunchScreen.storyboard */; };
		322C65A3226C4A30003655B5 /* main.m in Sources */ = {isa = PBXBuildFile; fileRef = 322C65A2226C4A30003655B5 /* main.m */; };
		322C65AD226C4A30003655B5 /* MYPerformanceKitTests.m in Sources */ = {isa = PBXBuildFile; fileRef = 322C65AC226C4A30003655B5 /* MYPerformanceKitTests.m */; };
		322C65B8226C4A30003655B5 /* MYPerformanceKitUITests.m in Sources */ = {isa = PBXBuildFile; fileRef = 322C65B7226C4A30003655B5 /* MYPerformanceKitUITests.m */; };
		AA45B88A389EE45980272796 /* libPods-MYPerformanceKit.a in Frameworks */ = {isa = PBXBuildFile; fileRef = 384038C6888C5C6C6EBFC243 /* libPods-MYPerformanceKit.a */; };
/* End PBXBuildFile section */

/* Begin PBXContainerItemProxy section */
		322C65A9226C4A30003655B5 /* PBXContainerItemProxy */ = {
			isa = PBXContainerItemProxy;
			containerPortal = 322C6588226C4A2F003655B5 /* Project object */;
			proxyType = 1;
			remoteGlobalIDString = 322C658F226C4A2F003655B5;
			remoteInfo = MYPerformanceKit;
		};
		322C65B4226C4A30003655B5 /* PBXContainerItemProxy */ = {
			isa = PBXContainerItemProxy;
			containerPortal = 322C6588226C4A2F003655B5 /* Project object */;
			proxyType = 1;
			remoteGlobalIDString = 322C658F226C4A2F003655B5;
			remoteInfo = MYPerformanceKit;
		};
/* End PBXContainerItemProxy section */

/* Begin PBXFileReference section */
		322C6590226C4A2F003655B5 /* MYPerformanceKit.app */ = {isa = PBXFileReference; explicitFileType = wrapper.application; includeInIndex = 0; path = MYPerformanceKit.app; sourceTree = BUILT_PRODUCTS_DIR; };
		322C6593226C4A2F003655B5 /* AppDelegate.h */ = {isa = PBXFileReference; lastKnownFileType = sourcecode.c.h; path = AppDelegate.h; sourceTree = "<group>"; };
		322C6594226C4A2F003655B5 /* AppDelegate.m */ = {isa = PBXFileReference; lastKnownFileType = sourcecode.c.objc; path = AppDelegate.m; sourceTree = "<group>"; };
		322C6596226C4A2F003655B5 /* ViewController.h */ = {isa = PBXFileReference; lastKnownFileType = sourcecode.c.h; path = ViewController.h; sourceTree = "<group>"; };
		322C6597226C4A2F003655B5 /* ViewController.m */ = {isa = PBXFileReference; lastKnownFileType = sourcecode.c.objc; path = ViewController.m; sourceTree = "<group>"; };
		322C659A226C4A2F003655B5 /* Base */ = {isa = PBXFileReference; lastKnownFileType = file.storyboard; name = Base; path = Base.lproj/Main.storyboard; sourceTree = "<group>"; };
		322C659C226C4A30003655B5 /* Assets.xcassets */ = {isa = PBXFileReference; lastKnownFileType = folder.assetcatalog; path = Assets.xcassets; sourceTree = "<group>"; };
		322C659F226C4A30003655B5 /* Base */ = {isa = PBXFileReference; lastKnownFileType = file.storyboard; name = Base; path = Base.lproj/LaunchScreen.storyboard; sourceTree = "<group>"; };
		322C65A1226C4A30003655B5 /* Info.plist */ = {isa = PBXFileReference; lastKnownFileType = text.plist.xml; path = Info.plist; sourceTree = "<group>"; };
		322C65A2226C4A30003655B5 /* main.m */ = {isa = PBXFileReference; lastKnownFileType = sourcecode.c.objc; path = main.m; sourceTree = "<group>"; };
		322C65A8226C4A30003655B5 /* MYPerformanceKitTests.xctest */ = {isa = PBXFileReference; explicitFileType = wrapper.cfbundle; includeInIndex = 0; path = MYPerformanceKitTests.xctest; sourceTree = BUILT_PRODUCTS_DIR; };
		322C65AC226C4A30003655B5 /* MYPerformanceKitTests.m */ = {isa = PBXFileReference; lastKnownFileType = sourcecode.c.objc; path = MYPerformanceKitTests.m; sourceTree = "<group>"; };
		322C65AE226C4A30003655B5 /* Info.plist */ = {isa = PBXFileReference; lastKnownFileType = text.plist.xml; path = Info.plist; sourceTree = "<group>"; };
		322C65B3226C4A30003655B5 /* MYPerformanceKitUITests.xctest */ = {isa = PBXFileReference; explicitFileType = wrapper.cfbundle; includeInIndex = 0; path = MYPerformanceKitUITests.xctest; sourceTree = BUILT_PRODUCTS_DIR; };
		322C65B7226C4A30003655B5 /* MYPerformanceKitUITests.m */ = {isa = PBXFileReference; lastKnownFileType = sourcecode.c.objc; path = MYPerformanceKitUITests.m; sourceTree = "<group>"; };
		322C65B9226C4A30003655B5 /* Info.plist */ = {isa = PBXFileReference; lastKnownFileType = text.plist.xml; path = Info.plist; sourceTree = "<group>"; };
		384038C6888C5C6C6EBFC243 /* libPods-MYPerformanceKit.a */ = {isa = PBXFileReference; explicitFileType = archive.ar; includeInIndex = 0; path = "libPods-MYPerformanceKit.a"; sourceTree = BUILT_PRODUCTS_DIR; };
		57F500E24668427AEB9A0A6A /* Pods-MYPerformanceKit.release.xcconfig */ = {isa = PBXFileReference; includeInIndex = 1; lastKnownFileType = text.xcconfig; name = "Pods-MYPerformanceKit.release.xcconfig"; path = "Target Support Files/Pods-MYPerformanceKit/Pods-MYPerformanceKit.release.xcconfig"; sourceTree = "<group>"; };
		D0F111E2CB88A39C5ADCFE5B /* Pods-MYPerformanceKit.debug.xcconfig */ = {isa = PBXFileReference; includeInIndex = 1; lastKnownFileType = text.xcconfig; name = "Pods-MYPerformanceKit.debug.xcconfig"; path = "Target Support Files/Pods-MYPerformanceKit/Pods-MYPerformanceKit.debug.xcconfig"; sourceTree = "<group>"; };
/* End PBXFileReference section */

/* Begin PBXFrameworksBuildPhase section */
		322C658D226C4A2F003655B5 /* Frameworks */ = {
			isa = PBXFrameworksBuildPhase;
			buildActionMask = 2147483647;
			files = (
				AA45B88A389EE45980272796 /* libPods-MYPerformanceKit.a in Frameworks */,
			);
			runOnlyForDeploymentPostprocessing = 0;
		};
		322C65A5226C4A30003655B5 /* Frameworks */ = {
			isa = PBXFrameworksBuildPhase;
			buildActionMask = 2147483647;
			files = (
			);
			runOnlyForDeploymentPostprocessing = 0;
		};
		322C65B0226C4A30003655B5 /* Frameworks */ = {
			isa = PBXFrameworksBuildPhase;
			buildActionMask = 2147483647;
			files = (
			);
			runOnlyForDeploymentPostprocessing = 0;
		};
/* End PBXFrameworksBuildPhase section */

/* Begin PBXGroup section */
		322C6587226C4A2F003655B5 = {
			isa = PBXGroup;
			children = (
				322C6592226C4A2F003655B5 /* MYPerformanceKit */,
				322C65AB226C4A30003655B5 /* MYPerformanceKitTests */,
				322C65B6226C4A30003655B5 /* MYPerformanceKitUITests */,
				322C6591226C4A2F003655B5 /* Products */,
				574ACC4D67A668C08E12324D /* Pods */,
				62A2DA04D9505425BAC495FC /* Frameworks */,
			);
			sourceTree = "<group>";
		};
		322C6591226C4A2F003655B5 /* Products */ = {
			isa = PBXGroup;
			children = (
				322C6590226C4A2F003655B5 /* MYPerformanceKit.app */,
				322C65A8226C4A30003655B5 /* MYPerformanceKitTests.xctest */,
				322C65B3226C4A30003655B5 /* MYPerformanceKitUITests.xctest */,
			);
			name = Products;
			sourceTree = "<group>";
		};
		322C6592226C4A2F003655B5 /* MYPerformanceKit */ = {
			isa = PBXGroup;
			children = (
				322C6593226C4A2F003655B5 /* AppDelegate.h */,
				322C6594226C4A2F003655B5 /* AppDelegate.m */,
				322C6596226C4A2F003655B5 /* ViewController.h */,
				322C6597226C4A2F003655B5 /* ViewController.m */,
				322C6599226C4A2F003655B5 /* Main.storyboard */,
				322C659C226C4A30003655B5 /* Assets.xcassets */,
				322C659E226C4A30003655B5 /* LaunchScreen.storyboard */,
				322C65A1226C4A30003655B5 /* Info.plist */,
				322C65A2226C4A30003655B5 /* main.m */,
			);
			path = MYPerformanceKit;
			sourceTree = "<group>";
		};
		322C65AB226C4A30003655B5 /* MYPerformanceKitTests */ = {
			isa = PBXGroup;
			children = (
				322C65AC226C4A30003655B5 /* MYPerformanceKitTests.m */,
				322C65AE226C4A30003655B5 /* Info.plist */,
			);
			path = MYPerformanceKitTests;
			sourceTree = "<group>";
		};
		322C65B6226C4A30003655B5 /* MYPerformanceKitUITests */ = {
			isa = PBXGroup;
			children = (
				322C65B7226C4A30003655B5 /* MYPerformanceKitUITests.m */,
				322C65B9226C4A30003655B5 /* Info.plist */,
			);
			path = MYPerformanceKitUITests;
			sourceTree = "<group>";
		};
		574ACC4D67A668C08E12324D /* Pods */ = {
			isa = PBXGroup;
			children = (
				D0F111E2CB88A39C5ADCFE5B /* Pods-MYPerformanceKit.debug.xcconfig */,
				57F500E24668427AEB9A0A6A /* Pods-MYPerformanceKit.release.xcconfig */,
			);
			name = Pods;
			path = Pods;
			sourceTree = "<group>";
		};
		62A2DA04D9505425BAC495FC /* Frameworks */ = {
			isa = PBXGroup;
			children = (
				384038C6888C5C6C6EBFC243 /* libPods-MYPerformanceKit.a */,
			);
			name = Frameworks;
			sourceTree = "<group>";
		};
/* End PBXGroup section */

/* Begin PBXNativeTarget section */
		322C658F226C4A2F003655B5 /* MYPerformanceKit */ = {
			isa = PBXNativeTarget;
			buildConfigurationList = 322C65BC226C4A30003655B5 /* Build configuration list for PBXNativeTarget "MYPerformanceKit" */;
			buildPhases = (
				4F4ABE5915C2696160B6763F /* [CP] Check Pods Manifest.lock */,
				322C658C226C4A2F003655B5 /* Sources */,
				322C658D226C4A2F003655B5 /* Frameworks */,
				322C658E226C4A2F003655B5 /* Resources */,
			);
			buildRules = (
			);
			dependencies = (
			);
			name = MYPerformanceKit;
			productName = MYPerformanceKit;
			productReference = 322C6590226C4A2F003655B5 /* MYPerformanceKit.app */;
			productType = "com.apple.product-type.application";
		};
		322C65A7226C4A30003655B5 /* MYPerformanceKitTests */ = {
			isa = PBXNativeTarget;
			buildConfigurationList = 322C65BF226C4A30003655B5 /* Build configuration list for PBXNativeTarget "MYPerformanceKitTests" */;
			buildPhases = (
				322C65A4226C4A30003655B5 /* Sources */,
				322C65A5226C4A30003655B5 /* Frameworks */,
				322C65A6226C4A30003655B5 /* Resources */,
			);
			buildRules = (
			);
			dependencies = (
				322C65AA226C4A30003655B5 /* PBXTargetDependency */,
			);
			name = MYPerformanceKitTests;
			productName = MYPerformanceKitTests;
			productReference = 322C65A8226C4A30003655B5 /* MYPerformanceKitTests.xctest */;
			productType = "com.apple.product-type.bundle.unit-test";
		};
		322C65B2226C4A30003655B5 /* MYPerformanceKitUITests */ = {
			isa = PBXNativeTarget;
			buildConfigurationList = 322C65C2226C4A30003655B5 /* Build configuration list for PBXNativeTarget "MYPerformanceKitUITests" */;
			buildPhases = (
				322C65AF226C4A30003655B5 /* Sources */,
				322C65B0226C4A30003655B5 /* Frameworks */,
				322C65B1226C4A30003655B5 /* Resources */,
			);
			buildRules = (
			);
			dependencies = (
				322C65B5226C4A30003655B5 /* PBXTargetDependency */,
			);
			name = MYPerformanceKitUITests;
			productName = MYPerformanceKitUITests;
			productReference = 322C65B3226C4A30003655B5 /* MYPerformanceKitUITests.xctest */;
			productType = "com.apple.product-type.bundle.ui-testing";
		};
/* End PBXNativeTarget section */

/* Begin PBXProject section */
		322C6588226C4A2F003655B5 /* Project object */ = {
			isa = PBXProject;
			attributes = {
				LastUpgradeCheck = 1010;
				ORGANIZATIONNAME = sunjinshuai;
				TargetAttributes = {
					322C658F226C4A2F003655B5 = {
						CreatedOnToolsVersion = 10.1;
					};
					322C65A7226C4A30003655B5 = {
						CreatedOnToolsVersion = 10.1;
						TestTargetID = 322C658F226C4A2F003655B5;
					};
					322C65B2226C4A30003655B5 = {
						CreatedOnToolsVersion = 10.1;
						TestTargetID = 322C658F226C4A2F003655B5;
					};
				};
			};
			buildConfigurationList = 322C658B226C4A2F003655B5 /* Build configuration list for PBXProject "MYPerformanceKit" */;
			compatibilityVersion = "Xcode 9.3";
			developmentRegion = en;
			hasScannedForEncodings = 0;
			knownRegions = (
				en,
				Base,
			);
			mainGroup = 322C6587226C4A2F003655B5;
			productRefGroup = 322C6591226C4A2F003655B5 /* Products */;
			projectDirPath = "";
			projectRoot = "";
			targets = (
				322C658F226C4A2F003655B5 /* MYPerformanceKit */,
				322C65A7226C4A30003655B5 /* MYPerformanceKitTests */,
				322C65B2226C4A30003655B5 /* MYPerformanceKitUITests */,
			);
		};
/* End PBXProject section */

/* Begin PBXResourcesBuildPhase section */
		322C658E226C4A2F003655B5 /* Resources */ = {
			isa = PBXResourcesBuildPhase;
			buildActionMask = 2147483647;
			files = (
				322C65A0226C4A30003655B5 /* LaunchScreen.storyboard in Resources */,
				322C659D226C4A30003655B5 /* Assets.xcassets in Resources */,
				322C659B226C4A2F003655B5 /* Main.storyboard in Resources */,
			);
			runOnlyForDeploymentPostprocessing = 0;
		};
		322C65A6226C4A30003655B5 /* Resources */ = {
			isa = PBXResourcesBuildPhase;
			buildActionMask = 2147483647;
			files = (
			);
			runOnlyForDeploymentPostprocessing = 0;
		};
		322C65B1226C4A30003655B5 /* Resources */ = {
			isa = PBXResourcesBuildPhase;
			buildActionMask = 2147483647;
			files = (
			);
			runOnlyForDeploymentPostprocessing = 0;
		};
/* End PBXResourcesBuildPhase section */

/* Begin PBXShellScriptBuildPhase section */
		4F4ABE5915C2696160B6763F /* [CP] Check Pods Manifest.lock */ = {
			isa = PBXShellScriptBuildPhase;
			buildActionMask = 2147483647;
			files = (
			);
			inputFileListPaths = (
			);
			inputPaths = (
				"${PODS_PODFILE_DIR_PATH}/Podfile.lock",
				"${PODS_ROOT}/Manifest.lock",
			);
			name = "[CP] Check Pods Manifest.lock";
			outputFileListPaths = (
			);
			outputPaths = (
				"$(DERIVED_FILE_DIR)/Pods-MYPerformanceKit-checkManifestLockResult.txt",
			);
			runOnlyForDeploymentPostprocessing = 0;
			shellPath = /bin/sh;
			shellScript = "diff \"${PODS_PODFILE_DIR_PATH}/Podfile.lock\" \"${PODS_ROOT}/Manifest.lock\" > /dev/null\nif [ $? != 0 ] ; then\n    # print error to STDERR\n    echo \"error: The sandbox is not in sync with the Podfile.lock. Run 'pod install' or update your CocoaPods installation.\" >&2\n    exit 1\nfi\n# This output is used by Xcode 'outputs' to avoid re-running this script phase.\necho \"SUCCESS\" > \"${SCRIPT_OUTPUT_FILE_0}\"\n";
			showEnvVarsInLog = 0;
		};
/* End PBXShellScriptBuildPhase section */

/* Begin PBXSourcesBuildPhase section */
		322C658C226C4A2F003655B5 /* Sources */ = {
			isa = PBXSourcesBuildPhase;
			buildActionMask = 2147483647;
			files = (
				322C6598226C4A2F003655B5 /* ViewController.m in Sources */,
				322C65A3226C4A30003655B5 /* main.m in Sources */,
				322C6595226C4A2F003655B5 /* AppDelegate.m in Sources */,
			);
			runOnlyForDeploymentPostprocessing = 0;
		};
		322C65A4226C4A30003655B5 /* Sources */ = {
			isa = PBXSourcesBuildPhase;
			buildActionMask = 2147483647;
			files = (
				322C65AD226C4A30003655B5 /* MYPerformanceKitTests.m in Sources */,
			);
			runOnlyForDeploymentPostprocessing = 0;
		};
		322C65AF226C4A30003655B5 /* Sources */ = {
			isa = PBXSourcesBuildPhase;
			buildActionMask = 2147483647;
			files = (
				322C65B8226C4A30003655B5 /* MYPerformanceKitUITests.m in Sources */,
			);
			runOnlyForDeploymentPostprocessing = 0;
		};
/* End PBXSourcesBuildPhase section */

/* Begin PBXTargetDependency section */
		322C65AA226C4A30003655B5 /* PBXTargetDependency */ = {
			isa = PBXTargetDependency;
			target = 322C658F226C4A2F003655B5 /* MYPerformanceKit */;
			targetProxy = 322C65A9226C4A30003655B5 /* PBXContainerItemProxy */;
		};
		322C65B5226C4A30003655B5 /* PBXTargetDependency */ = {
			isa = PBXTargetDependency;
			target = 322C658F226C4A2F003655B5 /* MYPerformanceKit */;
			targetProxy = 322C65B4226C4A30003655B5 /* PBXContainerItemProxy */;
		};
/* End PBXTargetDependency section */

/* Begin PBXVariantGroup section */
		322C6599226C4A2F003655B5 /* Main.storyboard */ = {
			isa = PBXVariantGroup;
			children = (
				322C659A226C4A2F003655B5 /* Base */,
			);
			name = Main.storyboard;
			sourceTree = "<group>";
		};
		322C659E226C4A30003655B5 /* LaunchScreen.storyboard */ = {
			isa = PBXVariantGroup;
			children = (
				322C659F226C4A30003655B5 /* Base */,
			);
			name = LaunchScreen.storyboard;
			sourceTree = "<group>";
		};
/* End PBXVariantGroup section */

/* Begin XCBuildConfiguration section */
		322C65BA226C4A30003655B5 /* Debug */ = {
			isa = XCBuildConfiguration;
			buildSettings = {
				ALWAYS_SEARCH_USER_PATHS = NO;
				CLANG_ANALYZER_NONNULL = YES;
				CLANG_ANALYZER_NUMBER_OBJECT_CONVERSION = YES_AGGRESSIVE;
				CLANG_CXX_LANGUAGE_STANDARD = "gnu++14";
				CLANG_CXX_LIBRARY = "libc++";
				CLANG_ENABLE_MODULES = YES;
				CLANG_ENABLE_OBJC_ARC = YES;
				CLANG_ENABLE_OBJC_WEAK = YES;
				CLANG_WARN_BLOCK_CAPTURE_AUTORELEASING = YES;
				CLANG_WARN_BOOL_CONVERSION = YES;
				CLANG_WARN_COMMA = YES;
				CLANG_WARN_CONSTANT_CONVERSION = YES;
				CLANG_WARN_DEPRECATED_OBJC_IMPLEMENTATIONS = YES;
				CLANG_WARN_DIRECT_OBJC_ISA_USAGE = YES_ERROR;
				CLANG_WARN_DOCUMENTATION_COMMENTS = YES;
				CLANG_WARN_EMPTY_BODY = YES;
				CLANG_WARN_ENUM_CONVERSION = YES;
				CLANG_WARN_INFINITE_RECURSION = YES;
				CLANG_WARN_INT_CONVERSION = YES;
				CLANG_WARN_NON_LITERAL_NULL_CONVERSION = YES;
				CLANG_WARN_OBJC_IMPLICIT_RETAIN_SELF = YES;
				CLANG_WARN_OBJC_LITERAL_CONVERSION = YES;
				CLANG_WARN_OBJC_ROOT_CLASS = YES_ERROR;
				CLANG_WARN_RANGE_LOOP_ANALYSIS = YES;
				CLANG_WARN_STRICT_PROTOTYPES = YES;
				CLANG_WARN_SUSPICIOUS_MOVE = YES;
				CLANG_WARN_UNGUARDED_AVAILABILITY = YES_AGGRESSIVE;
				CLANG_WARN_UNREACHABLE_CODE = YES;
				CLANG_WARN__DUPLICATE_METHOD_MATCH = YES;
				CODE_SIGN_IDENTITY = "iPhone Developer";
				COPY_PHASE_STRIP = NO;
				DEBUG_INFORMATION_FORMAT = dwarf;
				ENABLE_STRICT_OBJC_MSGSEND = YES;
				ENABLE_TESTABILITY = YES;
				GCC_C_LANGUAGE_STANDARD = gnu11;
				GCC_DYNAMIC_NO_PIC = NO;
				GCC_NO_COMMON_BLOCKS = YES;
				GCC_OPTIMIZATION_LEVEL = 0;
				GCC_PREPROCESSOR_DEFINITIONS = (
					"DEBUG=1",
					"$(inherited)",
				);
				GCC_WARN_64_TO_32_BIT_CONVERSION = YES;
				GCC_WARN_ABOUT_RETURN_TYPE = YES_ERROR;
				GCC_WARN_UNDECLARED_SELECTOR = YES;
				GCC_WARN_UNINITIALIZED_AUTOS = YES_AGGRESSIVE;
				GCC_WARN_UNUSED_FUNCTION = YES;
				GCC_WARN_UNUSED_VARIABLE = YES;
				IPHONEOS_DEPLOYMENT_TARGET = 12.1;
				MTL_ENABLE_DEBUG_INFO = INCLUDE_SOURCE;
				MTL_FAST_MATH = YES;
				ONLY_ACTIVE_ARCH = YES;
				SDKROOT = iphoneos;
			};
			name = Debug;
		};
		322C65BB226C4A30003655B5 /* Release */ = {
			isa = XCBuildConfiguration;
			buildSettings = {
				ALWAYS_SEARCH_USER_PATHS = NO;
				CLANG_ANALYZER_NONNULL = YES;
				CLANG_ANALYZER_NUMBER_OBJECT_CONVERSION = YES_AGGRESSIVE;
				CLANG_CXX_LANGUAGE_STANDARD = "gnu++14";
				CLANG_CXX_LIBRARY = "libc++";
				CLANG_ENABLE_MODULES = YES;
				CLANG_ENABLE_OBJC_ARC = YES;
				CLANG_ENABLE_OBJC_WEAK = YES;
				CLANG_WARN_BLOCK_CAPTURE_AUTORELEASING = YES;
				CLANG_WARN_BOOL_CONVERSION = YES;
				CLANG_WARN_COMMA = YES;
				CLANG_WARN_CONSTANT_CONVERSION = YES;
				CLANG_WARN_DEPRECATED_OBJC_IMPLEMENTATIONS = YES;
				CLANG_WARN_DIRECT_OBJC_ISA_USAGE = YES_ERROR;
				CLANG_WARN_DOCUMENTATION_COMMENTS = YES;
				CLANG_WARN_EMPTY_BODY = YES;
				CLANG_WARN_ENUM_CONVERSION = YES;
				CLANG_WARN_INFINITE_RECURSION = YES;
				CLANG_WARN_INT_CONVERSION = YES;
				CLANG_WARN_NON_LITERAL_NULL_CONVERSION = YES;
				CLANG_WARN_OBJC_IMPLICIT_RETAIN_SELF = YES;
				CLANG_WARN_OBJC_LITERAL_CONVERSION = YES;
				CLANG_WARN_OBJC_ROOT_CLASS = YES_ERROR;
				CLANG_WARN_RANGE_LOOP_ANALYSIS = YES;
				CLANG_WARN_STRICT_PROTOTYPES = YES;
				CLANG_WARN_SUSPICIOUS_MOVE = YES;
				CLANG_WARN_UNGUARDED_AVAILABILITY = YES_AGGRESSIVE;
				CLANG_WARN_UNREACHABLE_CODE = YES;
				CLANG_WARN__DUPLICATE_METHOD_MATCH = YES;
				CODE_SIGN_IDENTITY = "iPhone Developer";
				COPY_PHASE_STRIP = NO;
				DEBUG_INFORMATION_FORMAT = "dwarf-with-dsym";
				ENABLE_NS_ASSERTIONS = NO;
				ENABLE_STRICT_OBJC_MSGSEND = YES;
				GCC_C_LANGUAGE_STANDARD = gnu11;
				GCC_NO_COMMON_BLOCKS = YES;
				GCC_WARN_64_TO_32_BIT_CONVERSION = YES;
				GCC_WARN_ABOUT_RETURN_TYPE = YES_ERROR;
				GCC_WARN_UNDECLARED_SELECTOR = YES;
				GCC_WARN_UNINITIALIZED_AUTOS = YES_AGGRESSIVE;
				GCC_WARN_UNUSED_FUNCTION = YES;
				GCC_WARN_UNUSED_VARIABLE = YES;
				IPHONEOS_DEPLOYMENT_TARGET = 12.1;
				MTL_ENABLE_DEBUG_INFO = NO;
				MTL_FAST_MATH = YES;
				SDKROOT = iphoneos;
				VALIDATE_PRODUCT = YES;
			};
			name = Release;
		};
		322C65BD226C4A30003655B5 /* Debug */ = {
			isa = XCBuildConfiguration;
			baseConfigurationReference = D0F111E2CB88A39C5ADCFE5B /* Pods-MYPerformanceKit.debug.xcconfig */;
			buildSettings = {
				ASSETCATALOG_COMPILER_APPICON_NAME = AppIcon;
				CODE_SIGN_STYLE = Automatic;
				INFOPLIST_FILE = MYPerformanceKit/Info.plist;
				LD_RUNPATH_SEARCH_PATHS = (
					"$(inherited)",
					"@executable_path/Frameworks",
				);
				PRODUCT_BUNDLE_IDENTIFIER = com.aikucun.MYPerformanceKit;
				PRODUCT_NAME = "$(TARGET_NAME)";
				TARGETED_DEVICE_FAMILY = "1,2";
			};
			name = Debug;
		};
		322C65BE226C4A30003655B5 /* Release */ = {
			isa = XCBuildConfiguration;
			baseConfigurationReference = 57F500E24668427AEB9A0A6A /* Pods-MYPerformanceKit.release.xcconfig */;
			buildSettings = {
				ASSETCATALOG_COMPILER_APPICON_NAME = AppIcon;
				CODE_SIGN_STYLE = Automatic;
				INFOPLIST_FILE = MYPerformanceKit/Info.plist;
				LD_RUNPATH_SEARCH_PATHS = (
					"$(inherited)",
					"@executable_path/Frameworks",
				);
				PRODUCT_BUNDLE_IDENTIFIER = com.aikucun.MYPerformanceKit;
				PRODUCT_NAME = "$(TARGET_NAME)";
				TARGETED_DEVICE_FAMILY = "1,2";
			};
			name = Release;
		};
		322C65C0226C4A30003655B5 /* Debug */ = {
			isa = XCBuildConfiguration;
			buildSettings = {
				BUNDLE_LOADER = "$(TEST_HOST)";
				CODE_SIGN_STYLE = Automatic;
				INFOPLIST_FILE = MYPerformanceKitTests/Info.plist;
				LD_RUNPATH_SEARCH_PATHS = (
					"$(inherited)",
					"@executable_path/Frameworks",
					"@loader_path/Frameworks",
				);
				PRODUCT_BUNDLE_IDENTIFIER = com.aikucun.MYPerformanceKitTests;
				PRODUCT_NAME = "$(TARGET_NAME)";
				TARGETED_DEVICE_FAMILY = "1,2";
				TEST_HOST = "$(BUILT_PRODUCTS_DIR)/MYPerformanceKit.app/MYPerformanceKit";
			};
			name = Debug;
		};
		322C65C1226C4A30003655B5 /* Release */ = {
			isa = XCBuildConfiguration;
			buildSettings = {
				BUNDLE_LOADER = "$(TEST_HOST)";
				CODE_SIGN_STYLE = Automatic;
				INFOPLIST_FILE = MYPerformanceKitTests/Info.plist;
				LD_RUNPATH_SEARCH_PATHS = (
					"$(inherited)",
					"@executable_path/Frameworks",
					"@loader_path/Frameworks",
				);
				PRODUCT_BUNDLE_IDENTIFIER = com.aikucun.MYPerformanceKitTests;
				PRODUCT_NAME = "$(TARGET_NAME)";
				TARGETED_DEVICE_FAMILY = "1,2";
				TEST_HOST = "$(BUILT_PRODUCTS_DIR)/MYPerformanceKit.app/MYPerformanceKit";
			};
			name = Release;
		};
		322C65C3226C4A30003655B5 /* Debug */ = {
			isa = XCBuildConfiguration;
			buildSettings = {
				CODE_SIGN_STYLE = Automatic;
				INFOPLIST_FILE = MYPerformanceKitUITests/Info.plist;
				LD_RUNPATH_SEARCH_PATHS = (
					"$(inherited)",
					"@executable_path/Frameworks",
					"@loader_path/Frameworks",
				);
				PRODUCT_BUNDLE_IDENTIFIER = com.aikucun.MYPerformanceKitUITests;
				PRODUCT_NAME = "$(TARGET_NAME)";
				TARGETED_DEVICE_FAMILY = "1,2";
				TEST_TARGET_NAME = MYPerformanceKit;
			};
			name = Debug;
		};
		322C65C4226C4A30003655B5 /* Release */ = {
			isa = XCBuildConfiguration;
			buildSettings = {
				CODE_SIGN_STYLE = Automatic;
				INFOPLIST_FILE = MYPerformanceKitUITests/Info.plist;
				LD_RUNPATH_SEARCH_PATHS = (
					"$(inherited)",
					"@executable_path/Frameworks",
					"@loader_path/Frameworks",
				);
				PRODUCT_BUNDLE_IDENTIFIER = com.aikucun.MYPerformanceKitUITests;
				PRODUCT_NAME = "$(TARGET_NAME)";
				TARGETED_DEVICE_FAMILY = "1,2";
				TEST_TARGET_NAME = MYPerformanceKit;
			};
			name = Release;
		};
/* End XCBuildConfiguration section */

/* Begin XCConfigurationList section */
		322C658B226C4A2F003655B5 /* Build configuration list for PBXProject "MYPerformanceKit" */ = {
			isa = XCConfigurationList;
			buildConfigurations = (
				322C65BA226C4A30003655B5 /* Debug */,
				322C65BB226C4A30003655B5 /* Release */,
			);
			defaultConfigurationIsVisible = 0;
			defaultConfigurationName = Release;
		};
		322C65BC226C4A30003655B5 /* Build configuration list for PBXNativeTarget "MYPerformanceKit" */ = {
			isa = XCConfigurationList;
			buildConfigurations = (
				322C65BD226C4A30003655B5 /* Debug */,
				322C65BE226C4A30003655B5 /* Release */,
			);
			defaultConfigurationIsVisible = 0;
			defaultConfigurationName = Release;
		};
		322C65BF226C4A30003655B5 /* Build configuration list for PBXNativeTarget "MYPerformanceKitTests" */ = {
			isa = XCConfigurationList;
			buildConfigurations = (
				322C65C0226C4A30003655B5 /* Debug */,
				322C65C1226C4A30003655B5 /* Release */,
			);
			defaultConfigurationIsVisible = 0;
			defaultConfigurationName = Release;
		};
		322C65C2226C4A30003655B5 /* Build configuration list for PBXNativeTarget "MYPerformanceKitUITests" */ = {
			isa = XCConfigurationList;
			buildConfigurations = (
				322C65C3226C4A30003655B5 /* Debug */,
				322C65C4226C4A30003655B5 /* Release */,
			);
			defaultConfigurationIsVisible = 0;
			defaultConfigurationName = Release;
		};
/* End XCConfigurationList section */
	};
	rootObject = 322C6588226C4A2F003655B5 /* Project object */;
}
